
Microsoft Visual Studio Solution File, Format Version 11.00
# Visual Studio 2010
# SharpDevelop 5.0
Project("{FAE04EC0-301F-11D3-BF4B-00C04F79EFBC}") = "RPII", "RPII\RPII.csproj", "{933C3840-80A7-4CF2-A4F5-2DC39CF2BC0B}"
EndProject
Global
	GlobalSection(SolutionConfigurationPlatforms) = preSolution
		Debug|Any CPU = Debug|Any CPU
		Release|Any CPU = Release|Any CPU
	EndGlobalSection
	GlobalSection(ProjectConfigurationPlatforms) = postSolution
		{933C3840-80A7-4CF2-A4F5-2DC39CF2BC0B}.Debug|Any CPU.ActiveCfg = Debug|Any CPU
		{933C3840-80A7-4CF2-A4F5-2DC39CF2BC0B}.Debug|Any CPU.Build.0 = Debug|Any CPU
		{933C3840-80A7-4CF2-A4F5-2DC39CF2BC0B}.Release|Any CPU.ActiveCfg = Release|Any CPU
		{933C3840-80A7-4CF2-A4F5-2DC39CF2BC0B}.Release|Any CPU.Build.0 = Release|Any CPU
	EndGlobalSection
EndGlobal
